github.com/csgura/fp v0.0.0-20220113083659-7d7374fc23df h1:RygmCYVuyZtBhC5VjosgZ1a7fcZE+FO4/OEgk23kHNQ=
github.com/csgura/fp v0.0.0-20220113083659-7d7374fc23df/go.mod h1:PzinwR5KnuJh/kKqS+s6tPnOvkIbMtx42C6pOwVhsHM=
github.com/csgura/fp v0.0.0-20220326005607-267f2492ed7e h1:xe3AULqA//jUwbonznFWw55icaHCUlE19jCM/uNVS10=
github.com/csgura/fp v0.0.0-20220326005607-267f2492ed7e/go.mod h1:PzinwR5KnuJh/kKqS+s6tPnOvkIbMtx42C6pOwVhsHM=
