github.com/csgura/fp v0.0.1 h1:aOIggWJpx5CQwJzjmo0iYMcz5QzmLez36DS843upd/U=
github.com/csgura/fp v0.0.1/go.mod h1:PzinwR5KnuJh/kKqS+s6tPnOvkIbMtx42C6pOwVhsHM=
github.com/csgura/fp v0.0.2 h1:0WjneaFuupp16EgTYsOkiWBllRT2q0lvVUWOwwlkpMA=
github.com/csgura/fp v0.0.2/go.mod h1:PzinwR5KnuJh/kKqS+s6tPnOvkIbMtx42C6pOwVhsHM=
